
Microsoft Visual Studio Solution File, Format Version 12.00
# Visual Studio 15
Project("{FAE04EC0-301F-11D3-BF4B-00C04F79EFBC}") = "Assembly-CSharp", "Assembly-CSharp.csproj", "{22E5A8DF-C453-4961-680E-6932EBBC073D}"
EndProject
Project("{FAE04EC0-301F-11D3-BF4B-00C04F79EFBC}") = "Assembly-CSharp-Editor", "Assembly-CSharp-Editor.csproj", "{1C38CBA6-9744-23E9-C038-4806CD23E4A3}"
EndProject
Global
	GlobalSection(SolutionConfigurationPlatforms) = preSolution
		Debug|Any CPU = Debug|Any CPU
		Release|Any CPU = Release|Any CPU
	EndGlobalSection
	GlobalSection(ProjectConfigurationPlatforms) = postSolution
		{22E5A8DF-C453-4961-680E-6932EBBC073D}.Debug|Any CPU.ActiveCfg = Debug|Any CPU
		{22E5A8DF-C453-4961-680E-6932EBBC073D}.Debug|Any CPU.Build.0 = Debug|Any CPU
		{22E5A8DF-C453-4961-680E-6932EBBC073D}.Release|Any CPU.ActiveCfg = Release|Any CPU
		{22E5A8DF-C453-4961-680E-6932EBBC073D}.Release|Any CPU.Build.0 = Release|Any CPU
		{1C38CBA6-9744-23E9-C038-4806CD23E4A3}.Debug|Any CPU.ActiveCfg = Debug|Any CPU
		{1C38CBA6-9744-23E9-C038-4806CD23E4A3}.Debug|Any CPU.Build.0 = Debug|Any CPU
		{1C38CBA6-9744-23E9-C038-4806CD23E4A3}.Release|Any CPU.ActiveCfg = Release|Any CPU
		{1C38CBA6-9744-23E9-C038-4806CD23E4A3}.Release|Any CPU.Build.0 = Release|Any CPU
	EndGlobalSection
	GlobalSection(SolutionProperties) = preSolution
		HideSolutionNode = FALSE
	EndGlobalSection
EndGlobal
